
Microsoft Visual Studio Solution File, Format Version 12.00
# Visual Studio Version 16
VisualStudioVersion = 16.0.31205.134
MinimumVisualStudioVersion = 10.0.40219.1
Project("{9A19103F-16F7-4668-BE54-9A1E7A4F7556}") = "GoHorse.CLI.SpeShell", "GoHorse.CLI.SpeShell\GoHorse.CLI.SpeShell.csproj", "{54C65B27-A0B4-4999-B44A-018582F1D843}"
EndProject
Global
	GlobalSection(SolutionConfigurationPlatforms) = preSolution
		Debug|Any CPU = Debug|Any CPU
		Release|Any CPU = Release|Any CPU
	EndGlobalSection
	GlobalSection(ProjectConfigurationPlatforms) = postSolution
		{54C65B27-A0B4-4999-B44A-018582F1D843}.Debug|Any CPU.ActiveCfg = Debug|Any CPU
		{54C65B27-A0B4-4999-B44A-018582F1D843}.Debug|Any CPU.Build.0 = Debug|Any CPU
		{54C65B27-A0B4-4999-B44A-018582F1D843}.Release|Any CPU.ActiveCfg = Release|Any CPU
		{54C65B27-A0B4-4999-B44A-018582F1D843}.Release|Any CPU.Build.0 = Release|Any CPU
	EndGlobalSection
	GlobalSection(SolutionProperties) = preSolution
		HideSolutionNode = FALSE
	EndGlobalSection
	GlobalSection(ExtensibilityGlobals) = postSolution
		SolutionGuid = {102571F3-342E-4804-BF5F-052A829EA7AD}
	EndGlobalSection
EndGlobal
